{"_meta":{"file-type":"spack-lockfile","lockfile-version":5,"specfile-version":4},"spack":{"version":"0.24.0.dev0","type":"release"},"roots":[{"hash":"thknntufea36rmjpae6w636pmbecimvl","spec":"binutils+gas+ld"},{"hash":"4flrmshxrkeppm3z4d36be7mrvnxxhwd","spec":"gcc@10+binutils+profiled build_type=Release"},{"hash":"26ds2hwcqr2kfxozmqxqt5lfchyxjuiz","spec":"gmake@4.4:"}],"concrete_specs":{"thknntufea36rmjpae6w636pmbecimvl":{"name":"binutils","version":"2.43.1","arch":{"platform":"linux","platform_os":"centos7","target":"x86_64_v3"},"compiler":{"name":"gcc","version":"4.8.5"},"namespace":"builtin","parameters":{"build_system":"autotools","compress_debug_sections":"zlib","gas":true,"gold":false,"gprofng":false,"headers":false,"interwork":false,"ld":true,"libiberty":false,"libs":["shared","static"],"lto":false,"nls":false,"pgo":false,"plugins":true,"cflags":[],"cppflags":[],"cxxflags":[],"fflags":[],"ldflags":[],"ldlibs":[]},"package_hash":"brxi3inkmjzehbtem224umkosd2bhssl7xkbkd3dbdbprmyflysa====","dependencies":[{"name":"diffutils","hash":"u5nh252jtzbc3qpdzohi27dmattvbnsn","parameters":{"deptypes":["build"],"virtuals":[]}},{"name":"gcc-runtime","hash":"idm24edlvsbh2vt5wz7t5rlalemusyeg","parameters":{"deptypes":["link"],"virtuals":[]}},{"name":"glibc","hash":"xg2snd5qb6phvjrmb7urhl6n67szutxn","parameters":{"deptypes":["link"],"virtuals":["libc"]}},{"name":"gmake","hash":"26ds2hwcqr2kfxozmqxqt5lfchyxjuiz","parameters":{"deptypes":["build"],"virtuals":[]}},{"name":"pkgconf","hash":"os6scue7mywzpbeaemeglfe5acalah7q","parameters":{"deptypes":["build"],"virtuals":["pkgconfig"]}},{"name":"zlib-ng","hash":"nhi4hbhinktxwjqtgrzmdyo4hea55hpl","parameters":{"deptypes":["build","link"],"virtuals":["zlib-api"]}},{"name":"zstd","hash":"azenyyzk5gbpmasect5qmhx373jdt46b","parameters":{"deptypes":["build","link"],"virtuals":[]}}],"hash":"thknntufea36rmjpae6w636pmbecimvl"},"u5nh252jtzbc3qpdzohi27dmattvbnsn":{"name":"diffutils","version":"3.10","arch":{"platform":"linux","platform_os":"centos7","target":"x86_64_v3"},"compiler":{"name":"gcc","version":"4.8.5"},"namespace":"builtin","parameters":{"build_system":"autotools","cflags":[],"cppflags":[],"cxxflags":[],"fflags":[],"ldflags":[],"ldlibs":[]},"package_hash":"kbmzdy7mgklc24qx55cvx7kq7hceby2yav4fnf64gfdo7epdghwa====","dependencies":[{"name":"gcc-runtime","hash":"idm24edlvsbh2vt5wz7t5rlalemusyeg","parameters":{"deptypes":["link"],"virtuals":[]}},{"name":"glibc","hash":"xg2snd5qb6phvjrmb7urhl6n67szutxn","parameters":{"deptypes":["link"],"virtuals":["libc"]}},{"name":"gmake","hash":"26ds2hwcqr2kfxozmqxqt5lfchyxjuiz","parameters":{"deptypes":["build"],"virtuals":[]}},{"name":"libiconv","hash":"5362355byigtxecleexhbcord7tvbdst","parameters":{"deptypes":["build","link"],"virtuals":["iconv"]}}],"hash":"u5nh252jtzbc3qpdzohi27dmattvbnsn"},"idm24edlvsbh2vt5wz7t5rlalemusyeg":{"name":"gcc-runtime","version":"4.8.5","arch":{"platform":"linux","platform_os":"centos7","target":"x86_64_v3"},"compiler":{"name":"gcc","version":"4.8.5"},"namespace":"builtin","parameters":{"build_system":"generic","cflags":[],"cppflags":[],"cxxflags":[],"fflags":[],"ldflags":[],"ldlibs":[]},"package_hash":"4h323feaud46fenykfttobmhylljxnneuct3aewqlr57imcar4ka====","dependencies":[{"name":"glibc","hash":"xg2snd5qb6phvjrmb7urhl6n67szutxn","parameters":{"deptypes":["link"],"virtuals":["libc"]}}],"hash":"idm24edlvsbh2vt5wz7t5rlalemusyeg"},"xg2snd5qb6phvjrmb7urhl6n67szutxn":{"name":"glibc","version":"2.17","arch":{"platform":"linux","platform_os":"centos7","target":"x86_64_v3"},"compiler":{"name":"gcc","version":"4.8.5"},"namespace":"builtin","parameters":{"build_system":"autotools","patches":["be65fec9045354731faaf85922af5df8575929f338a7cd569c53a4b161e91bec","e179c4325a0237d121855f8d6804de3d9df294fc8c9af614e666485e4d15a986"],"cflags":[],"cppflags":[],"cxxflags":[],"fflags":[],"ldflags":[],"ldlibs":[]},"external":{"path":"/usr","module":null,"extra_attributes":{}},"patches":["be65fec9045354731faaf85922af5df8575929f338a7cd569c53a4b161e91bec","e179c4325a0237d121855f8d6804de3d9df294fc8c9af614e666485e4d15a986"],"package_hash":"5drajf2xgmbvzwllee6xaapohahljlwgqxagynbwtck4uhbbo7xq====","hash":"xg2snd5qb6phvjrmb7urhl6n67szutxn"},"26ds2hwcqr2kfxozmqxqt5lfchyxjuiz":{"name":"gmake","version":"4.4.1","arch":{"platform":"linux","platform_os":"centos7","target":"x86_64_v3"},"compiler":{"name":"gcc","version":"4.8.5"},"namespace":"builtin","parameters":{"build_system":"generic","guile":false,"cflags":[],"cppflags":[],"cxxflags":[],"fflags":[],"ldflags":[],"ldlibs":[]},"package_hash":"rpzjfobv7qh3wevti34nlbd2emtw5mnyszqmkyiq5jiq33xm7qzq====","dependencies":[{"name":"gcc-runtime","hash":"idm24edlvsbh2vt5wz7t5rlalemusyeg","parameters":{"deptypes":["link"],"virtuals":[]}},{"name":"glibc","hash":"xg2snd5qb6phvjrmb7urhl6n67szutxn","parameters":{"deptypes":["link"],"virtuals":["libc"]}}],"hash":"26ds2hwcqr2kfxozmqxqt5lfchyxjuiz"},"5362355byigtxecleexhbcord7tvbdst":{"name":"libiconv","version":"1.17","arch":{"platform":"linux","platform_os":"centos7","target":"x86_64_v3"},"compiler":{"name":"gcc","version":"4.8.5"},"namespace":"builtin","parameters":{"build_system":"autotools","libs":["shared","static"],"cflags":[],"cppflags":[],"cxxflags":[],"fflags":[],"ldflags":[],"ldlibs":[]},"package_hash":"ujsqmcknrabka5mhwwpbaf5rwxgopwoyxkskuwyqlcbynowgdvfa====","dependencies":[{"name":"gcc-runtime","hash":"idm24edlvsbh2vt5wz7t5rlalemusyeg","parameters":{"deptypes":["link"],"virtuals":[]}},{"name":"glibc","hash":"xg2snd5qb6phvjrmb7urhl6n67szutxn","parameters":{"deptypes":["link"],"virtuals":["libc"]}},{"name":"gmake","hash":"26ds2hwcqr2kfxozmqxqt5lfchyxjuiz","parameters":{"deptypes":["build"],"virtuals":[]}}],"hash":"5362355byigtxecleexhbcord7tvbdst"},"os6scue7mywzpbeaemeglfe5acalah7q":{"name":"pkgconf","version":"2.2.0","arch":{"platform":"linux","platform_os":"centos7","target":"x86_64_v3"},"compiler":{"name":"gcc","version":"4.8.5"},"namespace":"builtin","parameters":{"build_system":"autotools","cflags":[],"cppflags":[],"cxxflags":[],"fflags":[],"ldflags":[],"ldlibs":[]},"package_hash":"gl6tpyarjlclzsal6wa4dtc7cdzprq36nbibalai4a6wgzblrseq====","dependencies":[{"name":"gcc-runtime","hash":"idm24edlvsbh2vt5wz7t5rlalemusyeg","parameters":{"deptypes":["link"],"virtuals":[]}},{"name":"glibc","hash":"xg2snd5qb6phvjrmb7urhl6n67szutxn","parameters":{"deptypes":["link"],"virtuals":["libc"]}},{"name":"gmake","hash":"26ds2hwcqr2kfxozmqxqt5lfchyxjuiz","parameters":{"deptypes":["build"],"virtuals":[]}}],"hash":"os6scue7mywzpbeaemeglfe5acalah7q"},"nhi4hbhinktxwjqtgrzmdyo4hea55hpl":{"name":"zlib-ng","version":"2.2.1","arch":{"platform":"linux","platform_os":"centos7","target":"x86_64_v3"},"compiler":{"name":"gcc","version":"4.8.5"},"namespace":"builtin","parameters":{"build_system":"autotools","compat":true,"new_strategies":true,"opt":true,"pic":true,"shared":true,"cflags":[],"cppflags":[],"cxxflags":[],"fflags":[],"ldflags":[],"ldlibs":[]},"package_hash":"quz4bvg6rlq2dfiuiolv46jb4y5figqhm2e3ky26ogmduaabs23a====","dependencies":[{"name":"gcc-runtime","hash":"idm24edlvsbh2vt5wz7t5rlalemusyeg","parameters":{"deptypes":["link"],"virtuals":[]}},{"name":"glibc","hash":"xg2snd5qb6phvjrmb7urhl6n67szutxn","parameters":{"deptypes":["link"],"virtuals":["libc"]}},{"name":"gmake","hash":"26ds2hwcqr2kfxozmqxqt5lfchyxjuiz","parameters":{"deptypes":["build"],"virtuals":[]}}],"hash":"nhi4hbhinktxwjqtgrzmdyo4hea55hpl"},"azenyyzk5gbpmasect5qmhx373jdt46b":{"name":"zstd","version":"1.5.6","arch":{"platform":"linux","platform_os":"centos7","target":"x86_64_v3"},"compiler":{"name":"gcc","version":"4.8.5"},"namespace":"builtin","parameters":{"build_system":"makefile","compression":["none"],"libs":["shared","static"],"programs":true,"cflags":[],"cppflags":[],"cxxflags":[],"fflags":[],"ldflags":[],"ldlibs":[]},"package_hash":"uvmrov4c6unft6o4yd3jk3uqvweua3uhwdli4sw7h5wvklaf5t3q====","dependencies":[{"name":"gcc-runtime","hash":"idm24edlvsbh2vt5wz7t5rlalemusyeg","parameters":{"deptypes":["link"],"virtuals":[]}},{"name":"glibc","hash":"xg2snd5qb6phvjrmb7urhl6n67szutxn","parameters":{"deptypes":["link"],"virtuals":["libc"]}},{"name":"gmake","hash":"26ds2hwcqr2kfxozmqxqt5lfchyxjuiz","parameters":{"deptypes":["build"],"virtuals":[]}}],"hash":"azenyyzk5gbpmasect5qmhx373jdt46b"},"4flrmshxrkeppm3z4d36be7mrvnxxhwd":{"name":"gcc","version":"10.5.0","arch":{"platform":"linux","platform_os":"centos7","target":"x86_64_v3"},"compiler":{"name":"gcc","version":"4.8.5"},"namespace":"builtin","parameters":{"binutils":true,"bootstrap":true,"build_system":"autotools","build_type":"Release","graphite":false,"languages":["c","c++","fortran"],"nvptx":false,"patches":["2c18531a23623596e1daf6f0dd963cf72c208945ecad90515640c3ab23991159"],"piclibs":false,"profiled":true,"strip":false,"cflags":[],"cppflags":[],"cxxflags":[],"fflags":[],"ldflags":[],"ldlibs":[]},"patches":["2c18531a23623596e1daf6f0dd963cf72c208945ecad90515640c3ab23991159"],"package_hash":"echxrmsno73vk66cr2a6xmgysyhs6owez4rsg4avlsowi23dz7va====","dependencies":[{"name":"binutils","hash":"thknntufea36rmjpae6w636pmbecimvl","parameters":{"deptypes":["build","link","run"],"virtuals":[]}},{"name":"diffutils","hash":"u5nh252jtzbc3qpdzohi27dmattvbnsn","parameters":{"deptypes":["build"],"virtuals":[]}},{"name":"gawk","hash":"w4htgvev6hcjhcrrl6fqq4ujwbfbyzrh","parameters":{"deptypes":["build"],"virtuals":[]}},{"name":"gcc-runtime","hash":"idm24edlvsbh2vt5wz7t5rlalemusyeg","parameters":{"deptypes":["link"],"virtuals":[]}},{"name":"glibc","hash":"xg2snd5qb6phvjrmb7urhl6n67szutxn","parameters":{"deptypes":["link"],"virtuals":["libc"]}},{"name":"gmake","hash":"26ds2hwcqr2kfxozmqxqt5lfchyxjuiz","parameters":{"deptypes":["build"],"virtuals":[]}},{"name":"gmp","hash":"ujctumkerxa5lqcltu6732strhyjrq5m","parameters":{"deptypes":["build","link"],"virtuals":[]}},{"name":"libtool","hash":"d76hpkjbwjptb4obkflwpnset4y2ldnm","parameters":{"deptypes":["build"],"virtuals":[]}},{"name":"mpc","hash":"yvumzwgz6azxkijzqrykqqwaykn7oz3v","parameters":{"deptypes":["build","link"],"virtuals":[]}},{"name":"mpfr","hash":"zinparadqop2li4tyclot6gfi7mx3la3","parameters":{"deptypes":["build","link"],"virtuals":[]}},{"name":"perl","hash":"2opsoqgp3yn6t3hzyaywp73natvhcijb","parameters":{"deptypes":["build"],"virtuals":[]}},{"name":"texinfo","hash":"3dmkwovexr6vi7o26ss5jij6c4f5gj7x","parameters":{"deptypes":["build"],"virtuals":[]}},{"name":"zlib-ng","hash":"nhi4hbhinktxwjqtgrzmdyo4hea55hpl","parameters":{"deptypes":["build","link"],"virtuals":["zlib-api"]}},{"name":"zstd","hash":"azenyyzk5gbpmasect5qmhx373jdt46b","parameters":{"deptypes":["build","link"],"virtuals":[]}}],"hash":"4flrmshxrkeppm3z4d36be7mrvnxxhwd"},"w4htgvev6hcjhcrrl6fqq4ujwbfbyzrh":{"name":"gawk","version":"5.3.1","arch":{"platform":"linux","platform_os":"centos7","target":"x86_64_v3"},"compiler":{"name":"gcc","version":"4.8.5"},"namespace":"builtin","parameters":{"build_system":"autotools","nls":false,"cflags":[],"cppflags":[],"cxxflags":[],"fflags":[],"ldflags":[],"ldlibs":[]},"package_hash":"tsrewxkp6bgv7xfy2hjvxjveawaw4pwcsz27zj2qsm4az2qr4gcq====","dependencies":[{"name":"gcc-runtime","hash":"idm24edlvsbh2vt5wz7t5rlalemusyeg","parameters":{"deptypes":["link"],"virtuals":[]}},{"name":"glibc","hash":"xg2snd5qb6phvjrmb7urhl6n67szutxn","parameters":{"deptypes":["link"],"virtuals":["libc"]}},{"name":"gmake","hash":"26ds2hwcqr2kfxozmqxqt5lfchyxjuiz","parameters":{"deptypes":["build"],"virtuals":[]}},{"name":"gmp","hash":"ujctumkerxa5lqcltu6732strhyjrq5m","parameters":{"deptypes":["build","link"],"virtuals":[]}},{"name":"libsigsegv","hash":"yeonilivsa3h4iazp3f7lit22q3kbnqw","parameters":{"deptypes":["build","link"],"virtuals":[]}},{"name":"mpfr","hash":"zinparadqop2li4tyclot6gfi7mx3la3","parameters":{"deptypes":["build","link"],"virtuals":[]}},{"name":"readline","hash":"a4gc6fivwc75rvhc75hfn2mdubskhgob","parameters":{"deptypes":["build","link"],"virtuals":[]}}],"hash":"w4htgvev6hcjhcrrl6fqq4ujwbfbyzrh"},"ujctumkerxa5lqcltu6732strhyjrq5m":{"name":"gmp","version":"6.3.0","arch":{"platform":"linux","platform_os":"centos7","target":"x86_64_v3"},"compiler":{"name":"gcc","version":"4.8.5"},"namespace":"builtin","parameters":{"build_system":"autotools","cxx":true,"libs":["shared","static"],"cflags":[],"cppflags":[],"cxxflags":[],"fflags":[],"ldflags":[],"ldlibs":[]},"package_hash":"i34t5lcop5qus7ef2hncgmk6tykevn7ksit5bco3tb3me4lo7f6a====","dependencies":[{"name":"autoconf","hash":"zhpzzxvqi45iqjfnx7k77mdxskxhrjsm","parameters":{"deptypes":["build"],"virtuals":[]}},{"name":"automake","hash":"ejydrxkooltcs4b3fckfgjnaoqbakiyf","parameters":{"deptypes":["build"],"virtuals":[]}},{"name":"gcc-runtime","hash":"idm24edlvsbh2vt5wz7t5rlalemusyeg","parameters":{"deptypes":["link"],"virtuals":[]}},{"name":"glibc","hash":"xg2snd5qb6phvjrmb7urhl6n67szutxn","parameters":{"deptypes":["link"],"virtuals":["libc"]}},{"name":"gmake","hash":"26ds2hwcqr2kfxozmqxqt5lfchyxjuiz","parameters":{"deptypes":["build"],"virtuals":[]}},{"name":"libtool","hash":"d76hpkjbwjptb4obkflwpnset4y2ldnm","parameters":{"deptypes":["build"],"virtuals":[]}},{"name":"m4","hash":"7kcekpw4l7z4xtfr3fw7rmuu2xchvqky","parameters":{"deptypes":["build"],"virtuals":[]}}],"hash":"ujctumkerxa5lqcltu6732strhyjrq5m"},"zhpzzxvqi45iqjfnx7k77mdxskxhrjsm":{"name":"autoconf","version":"2.72","arch":{"platform":"linux","platform_os":"centos7","target":"x86_64_v3"},"compiler":{"name":"gcc","version":"4.8.5"},"namespace":"builtin","parameters":{"build_system":"autotools","cflags":[],"cppflags":[],"cxxflags":[],"fflags":[],"ldflags":[],"ldlibs":[]},"package_hash":"askc5xyyrmnk6zgblxmz6adqqdrq3u3hxm5ce7xinrt2id45djcq====","dependencies":[{"name":"gcc-runtime","hash":"idm24edlvsbh2vt5wz7t5rlalemusyeg","parameters":{"deptypes":["link"],"virtuals":[]}},{"name":"glibc","hash":"xg2snd5qb6phvjrmb7urhl6n67szutxn","parameters":{"deptypes":["link"],"virtuals":["libc"]}},{"name":"gmake","hash":"26ds2hwcqr2kfxozmqxqt5lfchyxjuiz","parameters":{"deptypes":["build"],"virtuals":[]}},{"name":"m4","hash":"7kcekpw4l7z4xtfr3fw7rmuu2xchvqky","parameters":{"deptypes":["build","run"],"virtuals":[]}},{"name":"perl","hash":"2opsoqgp3yn6t3hzyaywp73natvhcijb","parameters":{"deptypes":["build","run"],"virtuals":[]}}],"hash":"zhpzzxvqi45iqjfnx7k77mdxskxhrjsm"},"7kcekpw4l7z4xtfr3fw7rmuu2xchvqky":{"name":"m4","version":"1.4.19","arch":{"platform":"linux","platform_os":"centos7","target":"x86_64_v3"},"compiler":{"name":"gcc","version":"4.8.5"},"namespace":"builtin","parameters":{"build_system":"autotools","patches":["9dc5fbd0d5cb1037ab1e6d0ecc74a30df218d0a94bdd5a02759a97f62daca573","bfdffa7c2eb01021d5849b36972c069693654ad826c1a20b53534009a4ec7a89"],"sigsegv":true,"cflags":[],"cppflags":[],"cxxflags":[],"fflags":[],"ldflags":[],"ldlibs":[]},"patches":["bfdffa7c2eb01021d5849b36972c069693654ad826c1a20b53534009a4ec7a89","9dc5fbd0d5cb1037ab1e6d0ecc74a30df218d0a94bdd5a02759a97f62daca573"],"package_hash":"npb7a53yz7wqx4nvnasxwgzxaoiks6sdjz2eugrgkjxs4ml24xea====","dependencies":[{"name":"diffutils","hash":"u5nh252jtzbc3qpdzohi27dmattvbnsn","parameters":{"deptypes":["build"],"virtuals":[]}},{"name":"gcc-runtime","hash":"idm24edlvsbh2vt5wz7t5rlalemusyeg","parameters":{"deptypes":["link"],"virtuals":[]}},{"name":"glibc","hash":"xg2snd5qb6phvjrmb7urhl6n67szutxn","parameters":{"deptypes":["link"],"virtuals":["libc"]}},{"name":"gmake","hash":"26ds2hwcqr2kfxozmqxqt5lfchyxjuiz","parameters":{"deptypes":["build"],"virtuals":[]}},{"name":"libsigsegv","hash":"yeonilivsa3h4iazp3f7lit22q3kbnqw","parameters":{"deptypes":["build","link"],"virtuals":[]}}],"hash":"7kcekpw4l7z4xtfr3fw7rmuu2xchvqky"},"yeonilivsa3h4iazp3f7lit22q3kbnqw":{"name":"libsigsegv","version":"2.14","arch":{"platform":"linux","platform_os":"centos7","target":"x86_64_v3"},"compiler":{"name":"gcc","version":"4.8.5"},"namespace":"builtin","parameters":{"build_system":"autotools","cflags":[],"cppflags":[],"cxxflags":[],"fflags":[],"ldflags":[],"ldlibs":[]},"package_hash":"3s645t5rbjrziao47mhgob5xgymot6tf4kalagflbal2jdamdo2a====","dependencies":[{"name":"gcc-runtime","hash":"idm24edlvsbh2vt5wz7t5rlalemusyeg","parameters":{"deptypes":["link"],"virtuals":[]}},{"name":"glibc","hash":"xg2snd5qb6phvjrmb7urhl6n67szutxn","parameters":{"deptypes":["link"],"virtuals":["libc"]}},{"name":"gmake","hash":"26ds2hwcqr2kfxozmqxqt5lfchyxjuiz","parameters":{"deptypes":["build"],"virtuals":[]}}],"hash":"yeonilivsa3h4iazp3f7lit22q3kbnqw"},"2opsoqgp3yn6t3hzyaywp73natvhcijb":{"name":"perl","version":"5.40.0","arch":{"platform":"linux","platform_os":"centos7","target":"x86_64_v3"},"compiler":{"name":"gcc","version":"4.8.5"},"namespace":"builtin","parameters":{"build_system":"generic","cpanm":true,"opcode":true,"open":true,"shared":true,"threads":true,"cflags":[],"cppflags":[],"cxxflags":[],"fflags":[],"ldflags":[],"ldlibs":[]},"package_hash":"pxno7jsdmrht336njy4tbfoghhzhxg3d5ih7dpfucgwv6j7meg5q====","dependencies":[{"name":"berkeley-db","hash":"wrushrhtdw42mcvmfmg2vhh65qkmujbi","parameters":{"deptypes":["build","link"],"virtuals":[]}},{"name":"bzip2","hash":"zkkun2qnaec6sgtcsla5q667thr2744g","parameters":{"deptypes":["build","link"],"virtuals":[]}},{"name":"gcc-runtime","hash":"idm24edlvsbh2vt5wz7t5rlalemusyeg","parameters":{"deptypes":["link"],"virtuals":[]}},{"name":"gdbm","hash":"pxhrdais5tnee2mu5dfrmmsmfspe6cgg","parameters":{"deptypes":["build","link"],"virtuals":[]}},{"name":"glibc","hash":"xg2snd5qb6phvjrmb7urhl6n67szutxn","parameters":{"deptypes":["link"],"virtuals":["libc"]}},{"name":"gmake","hash":"26ds2hwcqr2kfxozmqxqt5lfchyxjuiz","parameters":{"deptypes":["build"],"virtuals":[]}},{"name":"zlib-ng","hash":"nhi4hbhinktxwjqtgrzmdyo4hea55hpl","parameters":{"deptypes":["build","link"],"virtuals":["zlib-api"]}}],"hash":"2opsoqgp3yn6t3hzyaywp73natvhcijb"},"wrushrhtdw42mcvmfmg2vhh65qkmujbi":{"name":"berkeley-db","version":"18.1.40","arch":{"platform":"linux","platform_os":"centos7","target":"x86_64_v3"},"compiler":{"name":"gcc","version":"4.8.5"},"namespace":"builtin","parameters":{"build_system":"autotools","cxx":true,"docs":false,"patches":["26090f418891757af46ac3b89a9f43d6eb5989f7a3dce3d1cfc99fba547203b3","b231fcc4d5cff05e5c3a4814f6a5af0e9a966428dc2176540d2c05aff41de522"],"stl":true,"cflags":[],"cppflags":[],"cxxflags":[],"fflags":[],"ldflags":[],"ldlibs":[]},"patches":["b231fcc4d5cff05e5c3a4814f6a5af0e9a966428dc2176540d2c05aff41de522","26090f418891757af46ac3b89a9f43d6eb5989f7a3dce3d1cfc99fba547203b3"],"package_hash":"h57ydfn33zevvzctzzioiiwjwe362izbbwncb6a26dfeno4y7tda====","dependencies":[{"name":"gcc-runtime","hash":"idm24edlvsbh2vt5wz7t5rlalemusyeg","parameters":{"deptypes":["link"],"virtuals":[]}},{"name":"glibc","hash":"xg2snd5qb6phvjrmb7urhl6n67szutxn","parameters":{"deptypes":["link"],"virtuals":["libc"]}},{"name":"gmake","hash":"26ds2hwcqr2kfxozmqxqt5lfchyxjuiz","parameters":{"deptypes":["build"],"virtuals":[]}}],"hash":"wrushrhtdw42mcvmfmg2vhh65qkmujbi"},"zkkun2qnaec6sgtcsla5q667thr2744g":{"name":"bzip2","version":"1.0.8","arch":{"platform":"linux","platform_os":"centos7","target":"x86_64_v3"},"compiler":{"name":"gcc","version":"4.8.5"},"namespace":"builtin","parameters":{"build_system":"generic","debug":false,"pic":false,"shared":true,"cflags":[],"cppflags":[],"cxxflags":[],"fflags":[],"ldflags":[],"ldlibs":[]},"package_hash":"jb7yvhkifmvfl3ykmdulsjxkkulker6gqb5tadollyjt2ijg3zsa====","dependencies":[{"name":"diffutils","hash":"u5nh252jtzbc3qpdzohi27dmattvbnsn","parameters":{"deptypes":["build"],"virtuals":[]}},{"name":"gcc-runtime","hash":"idm24edlvsbh2vt5wz7t5rlalemusyeg","parameters":{"deptypes":["link"],"virtuals":[]}},{"name":"glibc","hash":"xg2snd5qb6phvjrmb7urhl6n67szutxn","parameters":{"deptypes":["link"],"virtuals":["libc"]}},{"name":"gmake","hash":"26ds2hwcqr2kfxozmqxqt5lfchyxjuiz","parameters":{"deptypes":["build"],"virtuals":[]}}],"hash":"zkkun2qnaec6sgtcsla5q667thr2744g"},"pxhrdais5tnee2mu5dfrmmsmfspe6cgg":{"name":"gdbm","version":"1.23","arch":{"platform":"linux","platform_os":"centos7","target":"x86_64_v3"},"compiler":{"name":"gcc","version":"4.8.5"},"namespace":"builtin","parameters":{"build_system":"autotools","cflags":[],"cppflags":[],"cxxflags":[],"fflags":[],"ldflags":[],"ldlibs":[]},"package_hash":"liepxl6phlcxbgfmibxafhewtihlgaa4x3hko37ckqlafhxkrgdq====","dependencies":[{"name":"gcc-runtime","hash":"idm24edlvsbh2vt5wz7t5rlalemusyeg","parameters":{"deptypes":["link"],"virtuals":[]}},{"name":"glibc","hash":"xg2snd5qb6phvjrmb7urhl6n67szutxn","parameters":{"deptypes":["link"],"virtuals":["libc"]}},{"name":"gmake","hash":"26ds2hwcqr2kfxozmqxqt5lfchyxjuiz","parameters":{"deptypes":["build"],"virtuals":[]}},{"name":"readline","hash":"a4gc6fivwc75rvhc75hfn2mdubskhgob","parameters":{"deptypes":["build","link"],"virtuals":[]}}],"hash":"pxhrdais5tnee2mu5dfrmmsmfspe6cgg"},"a4gc6fivwc75rvhc75hfn2mdubskhgob":{"name":"readline","version":"8.2","arch":{"platform":"linux","platform_os":"centos7","target":"x86_64_v3"},"compiler":{"name":"gcc","version":"4.8.5"},"namespace":"builtin","parameters":{"build_system":"autotools","patches":["bbf97f1ec40a929edab5aa81998c1e2ef435436c597754916e6a5868f273aff7"],"cflags":[],"cppflags":[],"cxxflags":[],"fflags":[],"ldflags":[],"ldlibs":[]},"patches":["bbf97f1ec40a929edab5aa81998c1e2ef435436c597754916e6a5868f273aff7"],"package_hash":"oww6dmr7xqgg6j7iiluonxbcl4irqnnrip4vfkjdwujncwnuhwuq====","dependencies":[{"name":"gcc-runtime","hash":"idm24edlvsbh2vt5wz7t5rlalemusyeg","parameters":{"deptypes":["link"],"virtuals":[]}},{"name":"glibc","hash":"xg2snd5qb6phvjrmb7urhl6n67szutxn","parameters":{"deptypes":["link"],"virtuals":["libc"]}},{"name":"gmake","hash":"26ds2hwcqr2kfxozmqxqt5lfchyxjuiz","parameters":{"deptypes":["build"],"virtuals":[]}},{"name":"ncurses","hash":"v4egnzv6bixt44hzxb3pzrw6olujh37d","parameters":{"deptypes":["build","link"],"virtuals":[]}}],"hash":"a4gc6fivwc75rvhc75hfn2mdubskhgob"},"v4egnzv6bixt44hzxb3pzrw6olujh37d":{"name":"ncurses","version":"6.5","arch":{"platform":"linux","platform_os":"centos7","target":"x86_64_v3"},"compiler":{"name":"gcc","version":"4.8.5"},"namespace":"builtin","parameters":{"abi":"none","build_system":"autotools","patches":["7a351bc4953a4ab70dabdbea31c8db0c03d40ce505335f3b6687180dde24c535"],"symlinks":false,"termlib":true,"cflags":[],"cppflags":[],"cxxflags":[],"fflags":[],"ldflags":[],"ldlibs":[]},"patches":["7a351bc4953a4ab70dabdbea31c8db0c03d40ce505335f3b6687180dde24c535"],"package_hash":"rlqzqxoau3wwzu62x6qxlf4flon6b4n3p4zesnc6t2oyybrvnkwq====","dependencies":[{"name":"gcc-runtime","hash":"idm24edlvsbh2vt5wz7t5rlalemusyeg","parameters":{"deptypes":["link"],"virtuals":[]}},{"name":"glibc","hash":"xg2snd5qb6phvjrmb7urhl6n67szutxn","parameters":{"deptypes":["link"],"virtuals":["libc"]}},{"name":"gmake","hash":"26ds2hwcqr2kfxozmqxqt5lfchyxjuiz","parameters":{"deptypes":["build"],"virtuals":[]}},{"name":"pkgconf","hash":"os6scue7mywzpbeaemeglfe5acalah7q","parameters":{"deptypes":["build"],"virtuals":["pkgconfig"]}}],"hash":"v4egnzv6bixt44hzxb3pzrw6olujh37d"},"ejydrxkooltcs4b3fckfgjnaoqbakiyf":{"name":"automake","version":"1.16.5","arch":{"platform":"linux","platform_os":"centos7","target":"x86_64_v3"},"compiler":{"name":"gcc","version":"4.8.5"},"namespace":"builtin","parameters":{"build_system":"autotools","cflags":[],"cppflags":[],"cxxflags":[],"fflags":[],"ldflags":[],"ldlibs":[]},"package_hash":"xesxwq2mcnt7tprtdvz6vpg2g6r5b5oyo5ltf7e6rfoypmsbzmrq====","dependencies":[{"name":"autoconf","hash":"zhpzzxvqi45iqjfnx7k77mdxskxhrjsm","parameters":{"deptypes":["build"],"virtuals":[]}},{"name":"gcc-runtime","hash":"idm24edlvsbh2vt5wz7t5rlalemusyeg","parameters":{"deptypes":["link"],"virtuals":[]}},{"name":"glibc","hash":"xg2snd5qb6phvjrmb7urhl6n67szutxn","parameters":{"deptypes":["link"],"virtuals":["libc"]}},{"name":"gmake","hash":"26ds2hwcqr2kfxozmqxqt5lfchyxjuiz","parameters":{"deptypes":["build"],"virtuals":[]}},{"name":"perl","hash":"2opsoqgp3yn6t3hzyaywp73natvhcijb","parameters":{"deptypes":["build","run"],"virtuals":[]}}],"hash":"ejydrxkooltcs4b3fckfgjnaoqbakiyf"},"d76hpkjbwjptb4obkflwpnset4y2ldnm":{"name":"libtool","version":"2.4.7","arch":{"platform":"linux","platform_os":"centos7","target":"x86_64_v3"},"compiler":{"name":"gcc","version":"4.8.5"},"namespace":"builtin","parameters":{"build_system":"autotools","cflags":[],"cppflags":[],"cxxflags":[],"fflags":[],"ldflags":[],"ldlibs":[]},"package_hash":"7lyavyiwpnrhw7tfv5vgri32at345gdegbixiskk63ext2f5rzza====","dependencies":[{"name":"findutils","hash":"x6xlszskwp7hwkyqbsf2mdgtwbdprgib","parameters":{"deptypes":["run"],"virtuals":[]}},{"name":"gcc-runtime","hash":"idm24edlvsbh2vt5wz7t5rlalemusyeg","parameters":{"deptypes":["link"],"virtuals":[]}},{"name":"glibc","hash":"xg2snd5qb6phvjrmb7urhl6n67szutxn","parameters":{"deptypes":["link"],"virtuals":["libc"]}},{"name":"gmake","hash":"26ds2hwcqr2kfxozmqxqt5lfchyxjuiz","parameters":{"deptypes":["build"],"virtuals":[]}},{"name":"m4","hash":"7kcekpw4l7z4xtfr3fw7rmuu2xchvqky","parameters":{"deptypes":["build"],"virtuals":[]}}],"hash":"d76hpkjbwjptb4obkflwpnset4y2ldnm"},"x6xlszskwp7hwkyqbsf2mdgtwbdprgib":{"name":"findutils","version":"4.9.0","arch":{"platform":"linux","platform_os":"centos7","target":"x86_64_v3"},"compiler":{"name":"gcc","version":"4.8.5"},"namespace":"builtin","parameters":{"build_system":"autotools","patches":["440b9543365b4692a2e6e0b5674809659846658d34d1dfc542c4397c8d668b92"],"cflags":[],"cppflags":[],"cxxflags":[],"fflags":[],"ldflags":[],"ldlibs":[]},"patches":["440b9543365b4692a2e6e0b5674809659846658d34d1dfc542c4397c8d668b92"],"package_hash":"bo3pd5cjg27xg6plm5x6znimvxfa2rj4br754j67zlk363w2hxvq====","dependencies":[{"name":"gcc-runtime","hash":"idm24edlvsbh2vt5wz7t5rlalemusyeg","parameters":{"deptypes":["link"],"virtuals":[]}},{"name":"glibc","hash":"xg2snd5qb6phvjrmb7urhl6n67szutxn","parameters":{"deptypes":["link"],"virtuals":["libc"]}},{"name":"gmake","hash":"26ds2hwcqr2kfxozmqxqt5lfchyxjuiz","parameters":{"deptypes":["build"],"virtuals":[]}}],"hash":"x6xlszskwp7hwkyqbsf2mdgtwbdprgib"},"zinparadqop2li4tyclot6gfi7mx3la3":{"name":"mpfr","version":"4.2.1","arch":{"platform":"linux","platform_os":"centos7","target":"x86_64_v3"},"compiler":{"name":"gcc","version":"4.8.5"},"namespace":"builtin","parameters":{"build_system":"autotools","libs":["shared","static"],"cflags":[],"cppflags":[],"cxxflags":[],"fflags":[],"ldflags":[],"ldlibs":[]},"package_hash":"fjdpxtxyom6yhygj44hzggoiddo7i6iqhlk65fve77c2w5migb5a====","dependencies":[{"name":"autoconf","hash":"zhpzzxvqi45iqjfnx7k77mdxskxhrjsm","parameters":{"deptypes":["build"],"virtuals":[]}},{"name":"autoconf-archive","hash":"d7nhhpzjexeujyxgorqnta7xsi7xwhke","parameters":{"deptypes":["build"],"virtuals":[]}},{"name":"automake","hash":"ejydrxkooltcs4b3fckfgjnaoqbakiyf","parameters":{"deptypes":["build"],"virtuals":[]}},{"name":"gcc-runtime","hash":"idm24edlvsbh2vt5wz7t5rlalemusyeg","parameters":{"deptypes":["link"],"virtuals":[]}},{"name":"glibc","hash":"xg2snd5qb6phvjrmb7urhl6n67szutxn","parameters":{"deptypes":["link"],"virtuals":["libc"]}},{"name":"gmake","hash":"26ds2hwcqr2kfxozmqxqt5lfchyxjuiz","parameters":{"deptypes":["build"],"virtuals":[]}},{"name":"gmp","hash":"ujctumkerxa5lqcltu6732strhyjrq5m","parameters":{"deptypes":["build","link"],"virtuals":[]}},{"name":"libtool","hash":"d76hpkjbwjptb4obkflwpnset4y2ldnm","parameters":{"deptypes":["build"],"virtuals":[]}},{"name":"m4","hash":"7kcekpw4l7z4xtfr3fw7rmuu2xchvqky","parameters":{"deptypes":["build"],"virtuals":[]}},{"name":"texinfo","hash":"3dmkwovexr6vi7o26ss5jij6c4f5gj7x","parameters":{"deptypes":["build"],"virtuals":[]}}],"hash":"zinparadqop2li4tyclot6gfi7mx3la3"},"d7nhhpzjexeujyxgorqnta7xsi7xwhke":{"name":"autoconf-archive","version":"2023.02.20","arch":{"platform":"linux","platform_os":"centos7","target":"x86_64_v3"},"compiler":{"name":"gcc","version":"4.8.5"},"namespace":"builtin","parameters":{"build_system":"autotools","cflags":[],"cppflags":[],"cxxflags":[],"fflags":[],"ldflags":[],"ldlibs":[]},"package_hash":"alaqrobe65z2evmo3p23j6mk4sbunn2bkxmcbtwdkpuxsgzfhhsq====","dependencies":[{"name":"gcc-runtime","hash":"idm24edlvsbh2vt5wz7t5rlalemusyeg","parameters":{"deptypes":["link"],"virtuals":[]}},{"name":"glibc","hash":"xg2snd5qb6phvjrmb7urhl6n67szutxn","parameters":{"deptypes":["link"],"virtuals":["libc"]}},{"name":"gmake","hash":"26ds2hwcqr2kfxozmqxqt5lfchyxjuiz","parameters":{"deptypes":["build"],"virtuals":[]}}],"hash":"d7nhhpzjexeujyxgorqnta7xsi7xwhke"},"3dmkwovexr6vi7o26ss5jij6c4f5gj7x":{"name":"texinfo","version":"7.1","arch":{"platform":"linux","platform_os":"centos7","target":"x86_64_v3"},"compiler":{"name":"gcc","version":"4.8.5"},"namespace":"builtin","parameters":{"build_system":"autotools","cflags":[],"cppflags":[],"cxxflags":[],"fflags":[],"ldflags":[],"ldlibs":[]},"package_hash":"r7trpjoaemxuju25fl673d4etfhbg3tqau666tqba7z3n6434naa====","dependencies":[{"name":"gcc-runtime","hash":"idm24edlvsbh2vt5wz7t5rlalemusyeg","parameters":{"deptypes":["link"],"virtuals":[]}},{"name":"gettext","hash":"hemuhfjq36jzlgru6xavyqrnjy4tpsiq","parameters":{"deptypes":["build","link"],"virtuals":[]}},{"name":"glibc","hash":"xg2snd5qb6phvjrmb7urhl6n67szutxn","parameters":{"deptypes":["link"],"virtuals":["libc"]}},{"name":"gmake","hash":"26ds2hwcqr2kfxozmqxqt5lfchyxjuiz","parameters":{"deptypes":["build"],"virtuals":[]}},{"name":"ncurses","hash":"v4egnzv6bixt44hzxb3pzrw6olujh37d","parameters":{"deptypes":["build","link"],"virtuals":[]}},{"name":"perl","hash":"2opsoqgp3yn6t3hzyaywp73natvhcijb","parameters":{"deptypes":["build","link"],"virtuals":[]}}],"hash":"3dmkwovexr6vi7o26ss5jij6c4f5gj7x"},"hemuhfjq36jzlgru6xavyqrnjy4tpsiq":{"name":"gettext","version":"0.21.1","arch":{"platform":"linux","platform_os":"centos7","target":"x86_64_v3"},"compiler":{"name":"gcc","version":"4.8.5"},"namespace":"builtin","parameters":{"build_system":"autotools","bzip2":true,"curses":true,"git":true,"libunistring":false,"libxml2":true,"pic":true,"shared":true,"tar":true,"xz":true,"cflags":[],"cppflags":[],"cxxflags":[],"fflags":[],"ldflags":[],"ldlibs":[]},"package_hash":"tovbrzlh4gibrscbfxwzcanfkolh3gtimy3g2ikk4o63c7ekuxrq====","dependencies":[{"name":"bzip2","hash":"zkkun2qnaec6sgtcsla5q667thr2744g","parameters":{"deptypes":["build","link"],"virtuals":[]}},{"name":"gcc-runtime","hash":"idm24edlvsbh2vt5wz7t5rlalemusyeg","parameters":{"deptypes":["link"],"virtuals":[]}},{"name":"glibc","hash":"xg2snd5qb6phvjrmb7urhl6n67szutxn","parameters":{"deptypes":["link"],"virtuals":["libc"]}},{"name":"gmake","hash":"26ds2hwcqr2kfxozmqxqt5lfchyxjuiz","parameters":{"deptypes":["build"],"virtuals":[]}},{"name":"libiconv","hash":"5362355byigtxecleexhbcord7tvbdst","parameters":{"deptypes":["build","link"],"virtuals":["iconv"]}},{"name":"libxml2","hash":"srxl5uxtk2qdzl46zzd632o56w727dgp","parameters":{"deptypes":["build","link"],"virtuals":[]}},{"name":"ncurses","hash":"v4egnzv6bixt44hzxb3pzrw6olujh37d","parameters":{"deptypes":["build","link"],"virtuals":[]}},{"name":"tar","hash":"psz4e67ojtogwgvnk2d6hhlaatvpwxig","parameters":{"deptypes":["run"],"virtuals":[]}},{"name":"xz","hash":"6lwr5jgljzhg3bbppyrz74mwghs6mzav","parameters":{"deptypes":["build","link","run"],"virtuals":[]}}],"hash":"hemuhfjq36jzlgru6xavyqrnjy4tpsiq"},"srxl5uxtk2qdzl46zzd632o56w727dgp":{"name":"libxml2","version":"2.13.4","arch":{"platform":"linux","platform_os":"centos7","target":"x86_64_v3"},"compiler":{"name":"gcc","version":"4.8.5"},"namespace":"builtin","parameters":{"build_system":"autotools","pic":true,"python":false,"shared":true,"cflags":[],"cppflags":[],"cxxflags":[],"fflags":[],"ldflags":[],"ldlibs":[]},"package_hash":"6jx45feizoruipwccklg7pizfosybiwplmw7hbe5yoouans5tjgq====","dependencies":[{"name":"gcc-runtime","hash":"idm24edlvsbh2vt5wz7t5rlalemusyeg","parameters":{"deptypes":["link"],"virtuals":[]}},{"name":"glibc","hash":"xg2snd5qb6phvjrmb7urhl6n67szutxn","parameters":{"deptypes":["link"],"virtuals":["libc"]}},{"name":"gmake","hash":"26ds2hwcqr2kfxozmqxqt5lfchyxjuiz","parameters":{"deptypes":["build"],"virtuals":[]}},{"name":"libiconv","hash":"5362355byigtxecleexhbcord7tvbdst","parameters":{"deptypes":["build","link"],"virtuals":["iconv"]}},{"name":"pkgconf","hash":"os6scue7mywzpbeaemeglfe5acalah7q","parameters":{"deptypes":["build"],"virtuals":["pkgconfig"]}},{"name":"xz","hash":"6lwr5jgljzhg3bbppyrz74mwghs6mzav","parameters":{"deptypes":["build","link"],"virtuals":[]}},{"name":"zlib-ng","hash":"nhi4hbhinktxwjqtgrzmdyo4hea55hpl","parameters":{"deptypes":["build","link"],"virtuals":["zlib-api"]}}],"hash":"srxl5uxtk2qdzl46zzd632o56w727dgp"},"6lwr5jgljzhg3bbppyrz74mwghs6mzav":{"name":"xz","version":"5.4.6","arch":{"platform":"linux","platform_os":"centos7","target":"x86_64_v3"},"compiler":{"name":"gcc","version":"4.8.5"},"namespace":"builtin","parameters":{"build_system":"autotools","libs":["shared","static"],"pic":false,"cflags":[],"cppflags":[],"cxxflags":[],"fflags":[],"ldflags":[],"ldlibs":[]},"package_hash":"zt5vu2vph2v2qjwgdbe7btgcz7axpyalorcsqiuxhrg5grwgrrvq====","dependencies":[{"name":"gcc-runtime","hash":"idm24edlvsbh2vt5wz7t5rlalemusyeg","parameters":{"deptypes":["link"],"virtuals":[]}},{"name":"glibc","hash":"xg2snd5qb6phvjrmb7urhl6n67szutxn","parameters":{"deptypes":["link"],"virtuals":["libc"]}},{"name":"gmake","hash":"26ds2hwcqr2kfxozmqxqt5lfchyxjuiz","parameters":{"deptypes":["build"],"virtuals":[]}}],"hash":"6lwr5jgljzhg3bbppyrz74mwghs6mzav"},"psz4e67ojtogwgvnk2d6hhlaatvpwxig":{"name":"tar","version":"1.35","arch":{"platform":"linux","platform_os":"centos7","target":"x86_64_v3"},"compiler":{"name":"gcc","version":"4.8.5"},"namespace":"builtin","parameters":{"build_system":"autotools","zip":"pigz","cflags":[],"cppflags":[],"cxxflags":[],"fflags":[],"ldflags":[],"ldlibs":[]},"package_hash":"v6a6jvks2setklucxyk622uauxzqlgmsdkrvdijbi3m5jwftmzla====","dependencies":[{"name":"bzip2","hash":"zkkun2qnaec6sgtcsla5q667thr2744g","parameters":{"deptypes":["run"],"virtuals":[]}},{"name":"gcc-runtime","hash":"idm24edlvsbh2vt5wz7t5rlalemusyeg","parameters":{"deptypes":["link"],"virtuals":[]}},{"name":"glibc","hash":"xg2snd5qb6phvjrmb7urhl6n67szutxn","parameters":{"deptypes":["link"],"virtuals":["libc"]}},{"name":"gmake","hash":"26ds2hwcqr2kfxozmqxqt5lfchyxjuiz","parameters":{"deptypes":["build"],"virtuals":[]}},{"name":"libiconv","hash":"5362355byigtxecleexhbcord7tvbdst","parameters":{"deptypes":["build","link"],"virtuals":["iconv"]}},{"name":"pigz","hash":"hqrzml4s24ulb2cwhnfkbczqlc57c7fg","parameters":{"deptypes":["run"],"virtuals":[]}},{"name":"xz","hash":"6lwr5jgljzhg3bbppyrz74mwghs6mzav","parameters":{"deptypes":["run"],"virtuals":[]}},{"name":"zstd","hash":"azenyyzk5gbpmasect5qmhx373jdt46b","parameters":{"deptypes":["run"],"virtuals":[]}}],"hash":"psz4e67ojtogwgvnk2d6hhlaatvpwxig"},"hqrzml4s24ulb2cwhnfkbczqlc57c7fg":{"name":"pigz","version":"2.8","arch":{"platform":"linux","platform_os":"centos7","target":"x86_64_v3"},"compiler":{"name":"gcc","version":"4.8.5"},"namespace":"builtin","parameters":{"build_system":"makefile","cflags":[],"cppflags":[],"cxxflags":[],"fflags":[],"ldflags":[],"ldlibs":[]},"package_hash":"4w67lflje4giekjg4ie2vpyuiunjcumo6geofykvon3hodllp42q====","dependencies":[{"name":"gcc-runtime","hash":"idm24edlvsbh2vt5wz7t5rlalemusyeg","parameters":{"deptypes":["link"],"virtuals":[]}},{"name":"glibc","hash":"xg2snd5qb6phvjrmb7urhl6n67szutxn","parameters":{"deptypes":["link"],"virtuals":["libc"]}},{"name":"gmake","hash":"26ds2hwcqr2kfxozmqxqt5lfchyxjuiz","parameters":{"deptypes":["build"],"virtuals":[]}},{"name":"zlib-ng","hash":"nhi4hbhinktxwjqtgrzmdyo4hea55hpl","parameters":{"deptypes":["build","link"],"virtuals":["zlib-api"]}}],"hash":"hqrzml4s24ulb2cwhnfkbczqlc57c7fg"},"yvumzwgz6azxkijzqrykqqwaykn7oz3v":{"name":"mpc","version":"1.3.1","arch":{"platform":"linux","platform_os":"centos7","target":"x86_64_v3"},"compiler":{"name":"gcc","version":"4.8.5"},"namespace":"builtin","parameters":{"build_system":"autotools","libs":["shared","static"],"cflags":[],"cppflags":[],"cxxflags":[],"fflags":[],"ldflags":[],"ldlibs":[]},"package_hash":"webjlp34evhh4wauduchhdv4t35ibc3ifgq4ep4q6su5lauip6ha====","dependencies":[{"name":"gcc-runtime","hash":"idm24edlvsbh2vt5wz7t5rlalemusyeg","parameters":{"deptypes":["link"],"virtuals":[]}},{"name":"glibc","hash":"xg2snd5qb6phvjrmb7urhl6n67szutxn","parameters":{"deptypes":["link"],"virtuals":["libc"]}},{"name":"gmake","hash":"26ds2hwcqr2kfxozmqxqt5lfchyxjuiz","parameters":{"deptypes":["build"],"virtuals":[]}},{"name":"gmp","hash":"ujctumkerxa5lqcltu6732strhyjrq5m","parameters":{"deptypes":["build","link"],"virtuals":[]}},{"name":"mpfr","hash":"zinparadqop2li4tyclot6gfi7mx3la3","parameters":{"deptypes":["build","link"],"virtuals":[]}}],"hash":"yvumzwgz6azxkijzqrykqqwaykn7oz3v"}}}